
Microsoft Visual Studio Solution File, Format Version 12.00
Project("{FAE04EC0-301F-11D3-BF4B-00C04F79EFBC}") = "OLangCompiler", "OLangCompiler\OLangCompiler.csproj", "{35CFBB68-DE2D-4967-A44C-696B137AA93D}"
EndProject
Project("{FAE04EC0-301F-11D3-BF4B-00C04F79EFBC}") = "OLangTests", "OLangTests\OLangTests.csproj", "{545521CE-9E47-4C49-97A4-2A4790E146DF}"
EndProject
Project("{FAE04EC0-301F-11D3-BF4B-00C04F79EFBC}") = "GrammarElements", "GrammarElements\GrammarElements.csproj", "{E7982E1E-4B00-46CA-8BDA-9DC9592E78C8}"
EndProject
Project("{FAE04EC0-301F-11D3-BF4B-00C04F79EFBC}") = "ErrorHelper", "ErrorHelper\ErrorHelper.csproj", "{75832E34-ADA4-4011-A513-4691E4533914}"
EndProject
Project("{FAE04EC0-301F-11D3-BF4B-00C04F79EFBC}") = "OLangTokenizer", "OLangTokenizer\OLangTokenizer.csproj", "{CA86FCD5-890A-4681-A799-5CBCE4AA3430}"
EndProject
Project("{FAE04EC0-301F-11D3-BF4B-00C04F79EFBC}") = "OLangHelpers", "OLangHelpers\OLangHelpers.csproj", "{973E004D-0150-48C3-A186-ED334D358D5F}"
EndProject
Project("{FAE04EC0-301F-11D3-BF4B-00C04F79EFBC}") = "OLangTokens", "OLangTokens\OLangTokens.csproj", "{7FCBFBC8-B504-4DF0-880E-BD72A40712C4}"
EndProject
Project("{FAE04EC0-301F-11D3-BF4B-00C04F79EFBC}") = "OLangAst", "OLangAst\OLangAst.csproj", "{27D56516-85F5-40E1-B01A-C6B4A3C13900}"
EndProject
Global
	GlobalSection(SolutionConfigurationPlatforms) = preSolution
		Debug|Any CPU = Debug|Any CPU
		Release|Any CPU = Release|Any CPU
	EndGlobalSection
	GlobalSection(ProjectConfigurationPlatforms) = postSolution
		{35CFBB68-DE2D-4967-A44C-696B137AA93D}.Debug|Any CPU.ActiveCfg = Debug|Any CPU
		{35CFBB68-DE2D-4967-A44C-696B137AA93D}.Debug|Any CPU.Build.0 = Debug|Any CPU
		{35CFBB68-DE2D-4967-A44C-696B137AA93D}.Release|Any CPU.ActiveCfg = Release|Any CPU
		{35CFBB68-DE2D-4967-A44C-696B137AA93D}.Release|Any CPU.Build.0 = Release|Any CPU
		{545521CE-9E47-4C49-97A4-2A4790E146DF}.Debug|Any CPU.ActiveCfg = Debug|Any CPU
		{545521CE-9E47-4C49-97A4-2A4790E146DF}.Debug|Any CPU.Build.0 = Debug|Any CPU
		{545521CE-9E47-4C49-97A4-2A4790E146DF}.Release|Any CPU.ActiveCfg = Release|Any CPU
		{545521CE-9E47-4C49-97A4-2A4790E146DF}.Release|Any CPU.Build.0 = Release|Any CPU
		{E7982E1E-4B00-46CA-8BDA-9DC9592E78C8}.Debug|Any CPU.ActiveCfg = Debug|Any CPU
		{E7982E1E-4B00-46CA-8BDA-9DC9592E78C8}.Debug|Any CPU.Build.0 = Debug|Any CPU
		{E7982E1E-4B00-46CA-8BDA-9DC9592E78C8}.Release|Any CPU.ActiveCfg = Release|Any CPU
		{E7982E1E-4B00-46CA-8BDA-9DC9592E78C8}.Release|Any CPU.Build.0 = Release|Any CPU
		{75832E34-ADA4-4011-A513-4691E4533914}.Debug|Any CPU.ActiveCfg = Debug|Any CPU
		{75832E34-ADA4-4011-A513-4691E4533914}.Debug|Any CPU.Build.0 = Debug|Any CPU
		{75832E34-ADA4-4011-A513-4691E4533914}.Release|Any CPU.ActiveCfg = Release|Any CPU
		{75832E34-ADA4-4011-A513-4691E4533914}.Release|Any CPU.Build.0 = Release|Any CPU
		{CA86FCD5-890A-4681-A799-5CBCE4AA3430}.Debug|Any CPU.ActiveCfg = Debug|Any CPU
		{CA86FCD5-890A-4681-A799-5CBCE4AA3430}.Debug|Any CPU.Build.0 = Debug|Any CPU
		{CA86FCD5-890A-4681-A799-5CBCE4AA3430}.Release|Any CPU.ActiveCfg = Release|Any CPU
		{CA86FCD5-890A-4681-A799-5CBCE4AA3430}.Release|Any CPU.Build.0 = Release|Any CPU
		{973E004D-0150-48C3-A186-ED334D358D5F}.Debug|Any CPU.ActiveCfg = Debug|Any CPU
		{973E004D-0150-48C3-A186-ED334D358D5F}.Debug|Any CPU.Build.0 = Debug|Any CPU
		{973E004D-0150-48C3-A186-ED334D358D5F}.Release|Any CPU.ActiveCfg = Release|Any CPU
		{973E004D-0150-48C3-A186-ED334D358D5F}.Release|Any CPU.Build.0 = Release|Any CPU
		{7FCBFBC8-B504-4DF0-880E-BD72A40712C4}.Debug|Any CPU.ActiveCfg = Debug|Any CPU
		{7FCBFBC8-B504-4DF0-880E-BD72A40712C4}.Debug|Any CPU.Build.0 = Debug|Any CPU
		{7FCBFBC8-B504-4DF0-880E-BD72A40712C4}.Release|Any CPU.ActiveCfg = Release|Any CPU
		{7FCBFBC8-B504-4DF0-880E-BD72A40712C4}.Release|Any CPU.Build.0 = Release|Any CPU
		{27D56516-85F5-40E1-B01A-C6B4A3C13900}.Debug|Any CPU.ActiveCfg = Debug|Any CPU
		{27D56516-85F5-40E1-B01A-C6B4A3C13900}.Debug|Any CPU.Build.0 = Debug|Any CPU
		{27D56516-85F5-40E1-B01A-C6B4A3C13900}.Release|Any CPU.ActiveCfg = Release|Any CPU
		{27D56516-85F5-40E1-B01A-C6B4A3C13900}.Release|Any CPU.Build.0 = Release|Any CPU
	EndGlobalSection
EndGlobal
